{
  "lockfileVersion": 1,
  "workspaces": {
    "": {
      "name": "sessile",
      "dependencies": {
        "ergogen": "github:willpuckett/ergogen#develop",
      },
      "devDependencies": {
        "@jscad/cli": "^2.3.6",
      },
    },
  },
  "packages": {
    "@babel/runtime": ["@babel/runtime@7.28.4", "", {}, "sha512-Q/N6JNWvIvPnLDvjlE1OUBLPQHH6l3CltCEsHIujp45zQUSSh8K+gHnaEX45yAT1nyngnINhvWtzN+Nb9D8RAQ=="],

    "@danmarshall/jscad-typings": ["@danmarshall/jscad-typings@1.0.0", "", {}, "sha512-MGGIGDItK2UQSsz7yTrXErQXDAFXR3UPxyQ7WZ5RHOwnv60CBXjmkJlXYMYPkSvo+7fUuQL2/ODcvECtc/fi9g=="],

    "@jscad/3mf-serializer": ["@jscad/3mf-serializer@2.1.15", "", { "dependencies": { "@jscad/array-utils": "2.1.4", "@jscad/modeling": "2.12.6", "fflate": "0.7.3", "onml": "1.2.0" } }, "sha512-9t/5F7gBvf5gVujHWmaX1fMH69AcWkPYgyWfjloh4dbsZZd3E1NSmwE6ZUtIkmuo2ewI/h5HOTZiODbqvEOe4w=="],

    "@jscad/amf-deserializer": ["@jscad/amf-deserializer@2.3.11", "", { "dependencies": { "@jscad/io-utils": "2.0.31", "@jscad/modeling": "2.12.6", "saxes": "5.0.1" } }, "sha512-cz5LbyEhtVZRghUFVgFC8fcKGskaochfOfzMtRm21c8RbSIlawRM81c4svOAkorA/RIviRuKeWikdzVrZd3fVg=="],

    "@jscad/amf-serializer": ["@jscad/amf-serializer@2.1.21", "", { "dependencies": { "@jscad/array-utils": "2.1.4", "@jscad/modeling": "2.12.6", "onml": "1.3.0" } }, "sha512-c2xgKkyz92MDfrt14bsWmA9Kk6s9UMOVLuveM5qBmXoxU1isx+mVik6gxGpK4vX/PT4/bhMFxh46uFQ53HUVMw=="],

    "@jscad/array-utils": ["@jscad/array-utils@2.1.4", "", {}, "sha512-c31r4zSKsE+4Xfwk2V8monDA0hx5G89QGzaakWVUvuGNowYS9WSsYCwHiTIXodjR+HEnDu4okQ7k/whmP0Ne2g=="],

    "@jscad/cli": ["@jscad/cli@2.3.6", "", { "dependencies": { "@jscad/array-utils": "2.1.4", "@jscad/core": "2.6.13", "@jscad/io": "2.4.12", "@jscad/modeling": "2.12.6", "jszip": "^3.10.1" }, "bin": { "jscad": "cli.js" } }, "sha512-0SU4Bu4T2q2cEtt8R1rWPqnuFc89FxB6w3MbU0UQGHadY+DbYqYs7cDJqh+x0akHirkDOgTy9XFPSWRQfzep2w=="],

    "@jscad/core": ["@jscad/core@2.6.13", "", { "dependencies": { "@jscad/array-utils": "2.1.4", "@jscad/io": "2.4.12", "@jscad/io-utils": "2.0.31", "@jscad/modeling": "2.12.6", "json5": "2.2.3", "strip-bom": "4.0.0" } }, "sha512-5zvv5SWFfk07rL7anjJ3FP/9/J+9xavkT50AXpCmp6qomyP/IsoZiEjovwAHwnUJMKNm7hjD1zPdvgwYrsD3RA=="],

    "@jscad/dxf-deserializer": ["@jscad/dxf-deserializer@2.3.28", "", { "dependencies": { "@jscad/io-utils": "2.0.31", "@jscad/modeling": "2.12.6" } }, "sha512-p4v+AYkPuO7YmXpthEjfa8F8KN2akX4dPlsl4UBNZnLRg58XX4vOwCroEUNTLU2DD6tCGGGZM1gOYqZvMK5N7Q=="],

    "@jscad/dxf-serializer": ["@jscad/dxf-serializer@2.1.21", "", { "dependencies": { "@jscad/array-utils": "2.1.4", "@jscad/modeling": "2.12.6" } }, "sha512-S7KAxDGtuLLGgW2IMZ+4jfr8SsRgUSSC1rR+C+Wd5I47byrGghy9BcG4UVMCxXVAgWNg+an3J8oKKtOkdixo5g=="],

    "@jscad/io": ["@jscad/io@2.4.12", "", { "dependencies": { "@jscad/3mf-serializer": "2.1.15", "@jscad/amf-deserializer": "2.3.11", "@jscad/amf-serializer": "2.1.21", "@jscad/array-utils": "2.1.4", "@jscad/dxf-deserializer": "2.3.28", "@jscad/dxf-serializer": "2.1.21", "@jscad/io-utils": "2.0.31", "@jscad/json-deserializer": "2.0.32", "@jscad/json-serializer": "2.0.31", "@jscad/modeling": "2.12.6", "@jscad/obj-deserializer": "2.0.31", "@jscad/obj-serializer": "2.1.21", "@jscad/stl-deserializer": "2.1.28", "@jscad/stl-serializer": "2.1.21", "@jscad/svg-deserializer": "2.5.12", "@jscad/svg-serializer": "2.3.19", "@jscad/x3d-deserializer": "2.2.11", "@jscad/x3d-serializer": "2.4.11" } }, "sha512-vRHv/n9FR4BGcGxYBBlmdP67cFzciGlMICQaC/xJB5iT3oxtIkrfhYOa/b/umMMCgEbxXhjtuKxlpce3ZTOz4A=="],

    "@jscad/io-utils": ["@jscad/io-utils@2.0.31", "", {}, "sha512-akalrc72lnzT6hDJH+1rkJA19NsBBXPXiZyyw69cyLtABnFJte2hehTBpkMiuM8BZZ0nQs/LwhhSRHRlCj4b8Q=="],

    "@jscad/json-deserializer": ["@jscad/json-deserializer@2.0.32", "", { "dependencies": { "@jscad/array-utils": "2.1.4", "@jscad/io-utils": "2.0.31" } }, "sha512-6KGPXcI42RUsrAq+wvHPDIVaYg1/kqW4vQ+O8VItoo+AKYGkiHJsfJpk5t+lahZsZx9Zjf6pGkdW5hJg+RRjIg=="],

    "@jscad/json-serializer": ["@jscad/json-serializer@2.0.31", "", { "dependencies": { "@jscad/modeling": "2.12.6" } }, "sha512-hg6NchgX4gvr2n6JbDAR6ac93t0ezbqLraqEGmdSgu2/MwGVJ30lLWkO8dgqADpDjJuXt/p08fgvHsH14uV6hQ=="],

    "@jscad/modeling": ["@jscad/modeling@2.12.6", "", {}, "sha512-RyT7hrxuq9UHuBmsC8o+KzimQCY6En2IFiSYPDbSlNFKLFdOc3Kyq9NXpt5+RNQhrhLz6uo15XDtnE43EFF3YQ=="],

    "@jscad/obj-deserializer": ["@jscad/obj-deserializer@2.0.31", "", { "dependencies": { "@jscad/io-utils": "2.0.31", "@jscad/modeling": "2.12.6" } }, "sha512-U1nATW5uvL7mHGm5vGqD1Z4DFeSllgPruFo3D3hhqr0rq80s4FuYVcf2Mq3vWFsAOsOvMS9JTzF3AJFH8O/kng=="],

    "@jscad/obj-serializer": ["@jscad/obj-serializer@2.1.21", "", { "dependencies": { "@jscad/array-utils": "2.1.4", "@jscad/modeling": "2.12.6" } }, "sha512-sPMJR82uUfG2WRrXtAe8lf0vaUDcb4sAp7aJPjO7J0/eu0i4kZR7rOqYjoth2mUPq6wEnTZsG8Bdv6qQIggDtw=="],

    "@jscad/stl-deserializer": ["@jscad/stl-deserializer@2.1.28", "", { "dependencies": { "@jscad/io-utils": "2.0.31", "@jscad/modeling": "2.12.6" } }, "sha512-gr8w59PuxQA15Q0GW3Z/doKeWkZdtK5HYZHmsigUOXpO+aEyXYxOE3GQrueHRd9Zq4NlEeFesbYMvqtPZElIbQ=="],

    "@jscad/stl-serializer": ["@jscad/stl-serializer@2.1.21", "", { "dependencies": { "@jscad/array-utils": "2.1.4", "@jscad/modeling": "2.12.6" } }, "sha512-XHNBCxoMSiimNjL5kmWId1ToWdLYzbNWo2B3LKaxaxMnH0g6qZ36YHqTu5+SUxSARXRyFo/dFuwEwDPQc/vINA=="],

    "@jscad/svg-deserializer": ["@jscad/svg-deserializer@2.5.12", "", { "dependencies": { "@jscad/array-utils": "2.1.4", "@jscad/io-utils": "2.0.31", "@jscad/modeling": "2.12.6", "saxes": "5.0.1" } }, "sha512-hsszPlQ3/fBbwpqKujlQBviJuTRacIIhlFL5rvrAPUxHeIXYEkevMPF7CjC9Iajy/aw7Xfi/01AyRV9djImrqw=="],

    "@jscad/svg-serializer": ["@jscad/svg-serializer@2.3.19", "", { "dependencies": { "@jscad/modeling": "2.12.6", "onml": "1.3.0" } }, "sha512-2JQM1My/2PARSs2/XQq7DpMJYRS/IccCqd5SEkKHuqhn8oXsym47tv83bD64IF/cI+4VWqPAwHhyx/Q42lxKZg=="],

    "@jscad/x3d-deserializer": ["@jscad/x3d-deserializer@2.2.11", "", { "dependencies": { "@jscad/array-utils": "2.1.4", "@jscad/io-utils": "2.0.31", "@jscad/modeling": "2.12.6", "saxes": "5.0.1" } }, "sha512-aUE8TihwzMqeyEWPU1M69lWJBSC8VWqagYUF+WX3+CpMryeTXNsBQJaK1VZrETSPgJoxvtdSYNSremuTiarxHQ=="],

    "@jscad/x3d-serializer": ["@jscad/x3d-serializer@2.4.11", "", { "dependencies": { "@jscad/array-utils": "2.1.4", "@jscad/modeling": "2.12.6", "onml": "1.3.0" } }, "sha512-L/lOFmzksv/HtkSd9AlKrH2eEQsgP9G3PysOZHrnYsuGafw1PrImmKwGnwGr6SFRkdxGGrwstUDbpra5I3raow=="],

    "@types/bezier-js": ["@types/bezier-js@0.0.6", "", {}, "sha512-kXsAlt8e8N6zt9R6LcMYWB1HkBw3q2g+M9BdI/UE+s4agIONuIscQaRCoInH22+Jas3rw8yLUehL2InaZjyNSA=="],

    "@types/node": ["@types/node@7.10.14", "", {}, "sha512-29GS75BE8asnTno3yB6ubOJOO0FboExEqNJy4bpz0GSmW/8wPTNL4h9h63c6s1uTrOopCmJYe/4yJLh5r92ZUA=="],

    "@types/opentype.js": ["@types/opentype.js@0.7.2", "", {}, "sha512-Riz6WyBUBEFs7YqSsJya3SbDHJZ6BmMkY7bzNoue6rtwj+RNilLc+mgOX/eJ0Y0asq16FSU6DatBeOg8ZMy2UQ=="],

    "@types/pdfkit": ["@types/pdfkit@0.7.36", "", { "dependencies": { "@types/node": "*" } }, "sha512-9eRA6MuW+n78yU3HhoIrDxjyAX2++B5MpLDYqHOnaRTquCw+5sYXT+QN8E1eSaxvNUwlRfU3tOm4UzTeGWmBqg=="],

    "ansi-regex": ["ansi-regex@5.0.1", "", {}, "sha512-quJQXlTSUGL2LH9SUXo8VwsY4soanhgo6LNSm84E1LBcE8s3O0wpdiRzyR9z/ZZJMlMWv37qOOb9pdJlMUEKFQ=="],

    "ansi-styles": ["ansi-styles@4.3.0", "", { "dependencies": { "color-convert": "^2.0.1" } }, "sha512-zbB9rCJAT1rbjiVDb2hqKFHNYLxgtk8NURxZ3IZwD3F6NtxbXZQCnnSi1Lkx+IDohdPlFp222wVALIheZJQSEg=="],

    "argparse": ["argparse@1.0.10", "", { "dependencies": { "sprintf-js": "~1.0.2" } }, "sha512-o5Roy6tNG4SL/FOkCAN6RzjiakZS25RLYFrcMttJqbdd8BWrnA+fGz57iN5Pb06pvBGvl5gQ0B48dJlslXvoTg=="],

    "bezier-js": ["bezier-js@2.6.1", "", {}, "sha512-jelZM33eNzcZ9snJ/5HqJLw3IzXvA8RFcBjkdOB8SDYyOvW8Y2tTosojAiBTnD1MhbHoWUYNbxUXxBl61TxbRg=="],

    "cliui": ["cliui@8.0.1", "", { "dependencies": { "string-width": "^4.2.0", "strip-ansi": "^6.0.1", "wrap-ansi": "^7.0.0" } }, "sha512-BSeNnyus75C4//NQ9gQt1/csTXyo/8Sb+afLAkzAptFuMsod9HFokGNudZpi/oQV73hnVK+sR+5PVRMd+Dr7YQ=="],

    "clone": ["clone@1.0.4", "", {}, "sha512-JQHZ2QMW6l3aH/j6xCqQThY/9OH4D/9ls34cgkUBiEeocRTU04tHfKPBsUK1PqZCUQM7GiA0IIXJSuXHI64Kbg=="],

    "color-convert": ["color-convert@2.0.1", "", { "dependencies": { "color-name": "~1.1.4" } }, "sha512-RRECPsj7iu/xb5oKYcsFHSppFNnsj/52OVTRKb4zP5onXwVF3zVmmToNcOfGC+CRDpfK/U584fMg38ZHCaElKQ=="],

    "color-name": ["color-name@1.1.4", "", {}, "sha512-dOy+3AuW3a2wNbZHIuMZpTcgjGuLU/uBL/ubcZF9OXbDo8ff4O8yVp5Bf0efS8uEoYo5q4Fx7dY9OgQGXgAsQA=="],

    "complex.js": ["complex.js@2.4.2", "", {}, "sha512-qtx7HRhPGSCBtGiST4/WGHuW+zeaND/6Ld+db6PbrulIB1i2Ev/2UPiqcmpQNPSyfBKraC0EOvOKCB5dGZKt3g=="],

    "core-util-is": ["core-util-is@1.0.3", "", {}, ""],

    "decimal.js": ["decimal.js@10.6.0", "", {}, "sha512-YpgQiITW3JXGntzdUmyUR1V812Hn8T1YVXhCu+wO3OpS4eU9l4YdD3qjyiKdV6mvV29zapkMeD390UVEf2lkUg=="],

    "emoji-regex": ["emoji-regex@8.0.0", "", {}, "sha512-MSjYzcWNOA0ewAHpz0MxpYFvwg6yjy1NG3xteoqz644VCo/RPgnr1/GGt+ic3iJTzQ8Eu3TdM14SawnVUmGE6A=="],

    "ergogen": ["ergogen@github:willpuckett/ergogen#6f28b43", { "dependencies": { "@jscad/modeling": "^2.12.6", "fs-extra": "^11.3.2", "hull": "github:andriiheonia/hull", "js-yaml": "^3.14.1", "jszip": "^3.10.1", "kle-serial": "github:ergogen/kle-serial#ergogen", "makerjs": "^0.18.1", "mathjs": "^15.0.0", "yargs": "^17.7.2" }, "bin": "./src/cli.js" }, "willpuckett-ergogen-6f28b43"],

    "escalade": ["escalade@3.2.0", "", {}, "sha512-WUj2qlxaQtO4g6Pq5c29GTcWGDyd8itL8zTlipgECz3JesAiiOKotd8JU6otB3PACgG6xkJUyVhboMS+bje/jA=="],

    "escape-latex": ["escape-latex@1.2.0", "", {}, "sha512-nV5aVWW1K0wEiUIEdZ4erkGGH8mDxGyxSeqPzRNtWP7ataw+/olFObw7hujFWlVjNsaDFw5VZ5NzVSIqRgfTiw=="],

    "esprima": ["esprima@4.0.1", "", { "bin": { "esparse": "bin/esparse.js", "esvalidate": "bin/esvalidate.js" } }, "sha512-eGuFFw7Upda+g4p+QHvnW0RyTX/SVeJBDM/gCtMARO0cLuT2HcEKnTPvhjV6aGeqrCB/sbNop0Kszm0jsaWU4A=="],

    "fflate": ["fflate@0.7.3", "", {}, "sha512-0Zz1jOzJWERhyhsimS54VTqOteCNwRtIlh8isdL0AXLo0g7xNTfTL7oWrkmCnPhZGocKIkWHBistBrrpoNH3aw=="],

    "fraction.js": ["fraction.js@5.3.4", "", {}, "sha512-1X1NTtiJphryn/uLQz3whtY6jK3fTqoE3ohKs0tT+Ujr1W59oopxmoEh7Lu5p6vBaPbgoM0bzveAW4Qi5RyWDQ=="],

    "fs-extra": ["fs-extra@11.3.2", "", { "dependencies": { "graceful-fs": "^4.2.0", "jsonfile": "^6.0.1", "universalify": "^2.0.0" } }, "sha512-Xr9F6z6up6Ws+NjzMCZc6WXg2YFRlrLP9NQDO3VQrWrfiojdhS56TzueT88ze0uBdCTwEIhQ3ptnmKeWGFAe0A=="],

    "get-caller-file": ["get-caller-file@2.0.5", "", {}, "sha512-DyFP3BM/3YHTQOCUL/w0OZHR0lpKeGrxotcHWcqNEdnltqFwXVfhEBQ94eIo34AfQpo0rGki4cyIiftY06h2Fg=="],

    "graceful-fs": ["graceful-fs@4.2.11", "", {}, "sha512-RbJ5/jmFcNNCcDV5o9eTnBLJ/HszWV0P73bc+Ff4nS/rJj+YaS6IGyiOL0VoBYX+l1Wrl3k63h/KrH+nhJ0XvQ=="],

    "graham_scan": ["graham_scan@1.0.5", "", {}, "sha512-471KIBS1jOrAHpEStAbOjYI5U7MGBSyqy+wIEnvRYaFDNmpUUhbDZWLRsCSh/OnlY0dCg0NaDyN/2XLoypgIfA=="],

    "hull": ["hull.js@github:andriiheonia/hull#ffcf93d", { "dependencies": { "monotone-convex-hull-2d": "1.0.1", "robust-segment-intersect": "1.0.1" } }, "andriiheonia-hull-ffcf93d"],

    "immediate": ["immediate@3.0.6", "", {}, ""],

    "inherits": ["inherits@2.0.4", "", {}, ""],

    "is-fullwidth-code-point": ["is-fullwidth-code-point@3.0.0", "", {}, "sha512-zymm5+u+sCsSWyD9qNaejV3DFvhCKclKdizYaJUuHA83RLjb7nSuGnddCHGv0hk+KY7BMAlsWeK4Ueg6EV6XQg=="],

    "isarray": ["isarray@1.0.0", "", {}, ""],

    "javascript-natural-sort": ["javascript-natural-sort@0.7.1", "", {}, "sha512-nO6jcEfZWQXDhOiBtG2KvKyEptz7RVbpGP4vTD2hLBdmNQSsCiicO2Ioinv6UI4y9ukqnBpy+XZ9H6uLNgJTlw=="],

    "js-yaml": ["js-yaml@3.14.1", "", { "dependencies": { "argparse": "^1.0.7", "esprima": "^4.0.0" }, "bin": "bin/js-yaml.js" }, "sha512-okMH7OXXJ7YrN9Ok3/SXrnu4iX9yOk+25nqX4imS2npuvTYDmo/QEZoqwZkYaIDk3jVvBOTOIEgEhaLOynBS9g=="],

    "json5": ["json5@2.2.3", "", { "bin": "lib/cli.js" }, ""],

    "jsonfile": ["jsonfile@6.2.0", "", { "dependencies": { "universalify": "^2.0.0" }, "optionalDependencies": { "graceful-fs": "^4.1.6" } }, "sha512-FGuPw30AdOIUTRMC2OMRtQV+jkVj2cfPqSeWXv1NEAJ1qZ5zb1X6z1mFhbfOB/iy3ssJCD+3KuZ8r8C3uVFlAg=="],

    "jszip": ["jszip@3.10.1", "", { "dependencies": { "lie": "~3.3.0", "pako": "~1.0.2", "readable-stream": "~2.3.6", "setimmediate": "^1.0.5" } }, ""],

    "kdbush": ["kdbush@2.0.1", "", {}, "sha512-9KqSdmWCkBIisFIGclT0FRagKhI7IVbMyUjsxCFG0Ly1Dg6whlxJ7b9lrq8ifk3X/fGeJzok1R75LQfZTfA5zQ=="],

    "kle-serial": ["@ijprest/kle-serial@github:ergogen/kle-serial#61f29f3", { "dependencies": { "json5": "^2.1.0" } }, "ergogen-kle-serial-61f29f3"],

    "lie": ["lie@3.3.0", "", { "dependencies": { "immediate": "~3.0.5" } }, ""],

    "makerjs": ["makerjs@0.18.1", "", { "dependencies": { "@danmarshall/jscad-typings": "^1.0.0", "@types/bezier-js": "^0.0.6", "@types/node": "^7.0.5", "@types/opentype.js": "^0.7.0", "@types/pdfkit": "^0.7.34", "bezier-js": "^2.1.0", "clone": "^1.0.2", "graham_scan": "^1.0.4", "kdbush": "^2.0.1" } }, "sha512-yw1tEeOVGgoj34K+uLRKsAbeVeBu1m2TGdm673BxrFc+auj71GJlQhS/5byGYaUmzyw+kyR/OQI4zyuM+v5Dxg=="],

    "mathjs": ["mathjs@15.0.0", "", { "dependencies": { "@babel/runtime": "^7.26.10", "complex.js": "^2.2.5", "decimal.js": "^10.4.3", "escape-latex": "^1.2.0", "fraction.js": "^5.2.1", "javascript-natural-sort": "^0.7.1", "seedrandom": "^3.0.5", "tiny-emitter": "^2.1.0", "typed-function": "^4.2.1" }, "bin": "bin/cli.js" }, "sha512-eXXXRKEl/htny5T/Ce/hbmqa8WZi2RmaCEHBOVtTeYcYyyGvz1UYSdK2ypydDepFF6F7ue0OygXRRIx8lLq/uw=="],

    "monotone-convex-hull-2d": ["monotone-convex-hull-2d@1.0.1", "", { "dependencies": { "robust-orientation": "^1.1.3" } }, "sha512-ixQ3qdXTVHvR7eAoOjKY8kGxl9YjOFtzi7qOjwmFFPfBqZHVOjUFOBy/Dk9dusamRSPJe9ggyfSypRbs0Bl8BA=="],

    "onml": ["onml@1.2.0", "", { "dependencies": { "sax": "^1.2.1" } }, "sha512-olqYAg18XoHAhm7tK9DdBCOVdts70DGmMgCNLOWyqZokht2utgGSKBB4JHi6pBZpmioAhcYlxK+91L3tsrz+GA=="],

    "pako": ["pako@1.0.11", "", {}, ""],

    "process-nextick-args": ["process-nextick-args@2.0.1", "", {}, ""],

    "readable-stream": ["readable-stream@2.3.8", "", { "dependencies": { "core-util-is": "~1.0.0", "inherits": "~2.0.3", "isarray": "~1.0.0", "process-nextick-args": "~2.0.0", "safe-buffer": "~5.1.1", "string_decoder": "~1.1.1", "util-deprecate": "~1.0.1" } }, ""],

    "require-directory": ["require-directory@2.1.1", "", {}, "sha512-fGxEI7+wsG9xrvdjsrlmL22OMTTiHRwAMroiEeMgq8gzoLC/PQr7RsRDSTLUg/bZAZtF+TVIkHc6/4RIKrui+Q=="],

    "robust-orientation": ["robust-orientation@1.2.1", "", { "dependencies": { "robust-scale": "^1.0.2", "robust-subtract": "^1.0.0", "robust-sum": "^1.0.0", "two-product": "^1.0.2" } }, "sha512-FuTptgKwY6iNuU15nrIJDLjXzCChWB+T4AvksRtwPS/WZ3HuP1CElCm1t+OBfgQKfWbtZIawip+61k7+buRKAg=="],

    "robust-scale": ["robust-scale@1.0.2", "", { "dependencies": { "two-product": "^1.0.2", "two-sum": "^1.0.0" } }, "sha512-jBR91a/vomMAzazwpsPTPeuTPPmWBacwA+WYGNKcRGSh6xweuQ2ZbjRZ4v792/bZOhRKXRiQH0F48AvuajY0tQ=="],

    "robust-segment-intersect": ["robust-segment-intersect@1.0.1", "", { "dependencies": { "robust-orientation": "^1.1.3" } }, "sha512-QWngxcL7rCRLK7nTMcTNBPi/q+fecrOo6aOtTPnXjT/Dve5AK20DzUSq2fznUS+rCAxyir6OdPgDCzcUxFtJoQ=="],

    "robust-subtract": ["robust-subtract@1.0.0", "", {}, "sha512-xhKUno+Rl+trmxAIVwjQMiVdpF5llxytozXJOdoT4eTIqmqsndQqFb1A0oiW3sZGlhMRhOi6pAD4MF1YYW6o/A=="],

    "robust-sum": ["robust-sum@1.0.0", "", {}, "sha512-AvLExwpaqUqD1uwLU6MwzzfRdaI6VEZsyvQ3IAQ0ZJ08v1H+DTyqskrf2ZJyh0BDduFVLN7H04Zmc+qTiahhAw=="],

    "safe-buffer": ["safe-buffer@5.1.2", "", {}, ""],

    "sax": ["sax@1.4.1", "", {}, "sha512-+aWOz7yVScEGoKNd4PA10LZ8sk0A/z5+nXQG5giUO5rprX9jgYsTdov9qCchZiPIZezbZH+jRut8nPodFAX4Jg=="],

    "saxes": ["saxes@5.0.1", "", { "dependencies": { "xmlchars": "^2.2.0" } }, "sha512-5LBh1Tls8c9xgGjw3QrMwETmTMVk0oFgvrFSvWx62llR2hcEInrKNZ2GZCCuuy2lvWrdl5jhbpeqc5hRYKFOcw=="],

    "seedrandom": ["seedrandom@3.0.5", "", {}, "sha512-8OwmbklUNzwezjGInmZ+2clQmExQPvomqjL7LFqOYqtmuxRgQYqOD3mHaU+MvZn5FLUeVxVfQjwLZW/n/JFuqg=="],

    "setimmediate": ["setimmediate@1.0.5", "", {}, ""],

    "sprintf-js": ["sprintf-js@1.0.3", "", {}, "sha512-D9cPgkvLlV3t3IzL0D0YLvGA9Ahk4PcvVwUbN0dSGr1aP0Nrt4AEnTUbuGvquEC0mA64Gqt1fzirlRs5ibXx8g=="],

    "string-width": ["string-width@4.2.3", "", { "dependencies": { "emoji-regex": "^8.0.0", "is-fullwidth-code-point": "^3.0.0", "strip-ansi": "^6.0.1" } }, "sha512-wKyQRQpjJ0sIp62ErSZdGsjMJWsap5oRNihHhu6G7JVO/9jIB6UyevL+tXuOqrng8j/cxKTWyWUwvSTriiZz/g=="],

    "string_decoder": ["string_decoder@1.1.1", "", { "dependencies": { "safe-buffer": "~5.1.0" } }, ""],

    "strip-ansi": ["strip-ansi@6.0.1", "", { "dependencies": { "ansi-regex": "^5.0.1" } }, "sha512-Y38VPSHcqkFrCpFnQ9vuSXmquuv5oXOKpGeT6aGrr3o3Gc9AlVa6JBfUSOCnbxGGZF+/0ooI7KrPuUSztUdU5A=="],

    "strip-bom": ["strip-bom@4.0.0", "", {}, "sha512-3xurFv5tEgii33Zi8Jtp55wEIILR9eh34FAW00PZf+JnSsTmV/ioewSgQl97JHvgjoRGwPShsWm+IdrxB35d0w=="],

    "tiny-emitter": ["tiny-emitter@2.1.0", "", {}, "sha512-NB6Dk1A9xgQPMoGqC5CVXn123gWyte215ONT5Pp5a0yt4nlEoO1ZWeCwpncaekPHXO60i47ihFnZPiRPjRMq4Q=="],

    "two-product": ["two-product@1.0.2", "", {}, "sha512-vOyrqmeYvzjToVM08iU52OFocWT6eB/I5LUWYnxeAPGXAhAxXYU/Yr/R2uY5/5n4bvJQL9AQulIuxpIsMoT8XQ=="],

    "two-sum": ["two-sum@1.0.0", "", {}, "sha512-phP48e8AawgsNUjEY2WvoIWqdie8PoiDZGxTDv70LDr01uX5wLEQbOgSP7Z/B6+SW5oLtbe8qaYX2fKJs3CGTw=="],

    "typed-function": ["typed-function@4.2.1", "", {}, "sha512-EGjWssW7Tsk4DGfE+5yluuljS1OGYWiI1J6e8puZz9nTMM51Oug8CD5Zo4gWMsOhq5BI+1bF+rWTm4Vbj3ivRA=="],

    "universalify": ["universalify@2.0.1", "", {}, "sha512-gptHNQghINnc/vTGIk0SOFGFNXw7JVrlRUtConJRlvaw6DuX0wO5Jeko9sWrMBhh+PsYAZ7oXAiOnf/UKogyiw=="],

    "util-deprecate": ["util-deprecate@1.0.2", "", {}, ""],

    "wrap-ansi": ["wrap-ansi@7.0.0", "", { "dependencies": { "ansi-styles": "^4.0.0", "string-width": "^4.1.0", "strip-ansi": "^6.0.0" } }, "sha512-YVGIj2kamLSTxw6NsZjoBxfSwsn0ycdesmc4p+Q21c5zPuZ1pl+NfxVdxPtdHvmNVOQ6XSYG4AUtyt/Fi7D16Q=="],

    "xmlchars": ["xmlchars@2.2.0", "", {}, "sha512-JZnDKK8B0RCDw84FNdDAIpZK+JuJw+s7Lz8nksI7SIuU3UXJJslUthsi+uWBUYOwPFwW7W7PRLRfUKpxjtjFCw=="],

    "y18n": ["y18n@5.0.8", "", {}, "sha512-0pfFzegeDWJHJIAmTLRP2DwHjdF5s7jo9tuztdQxAhINCdvS+3nGINqPd00AphqJR/0LhANUS6/+7SCb98YOfA=="],

    "yargs": ["yargs@17.7.2", "", { "dependencies": { "cliui": "^8.0.1", "escalade": "^3.1.1", "get-caller-file": "^2.0.5", "require-directory": "^2.1.1", "string-width": "^4.2.3", "y18n": "^5.0.5", "yargs-parser": "^21.1.1" } }, "sha512-7dSzzRQ++CKnNI/krKnYRV7JKKPUXMEh61soaHKg9mrWEhzFWhFnxPxGl+69cD1Ou63C13NUPCnmIcrvqCuM6w=="],

    "yargs-parser": ["yargs-parser@21.1.1", "", {}, "sha512-tVpsJW7DdjecAiFpbIB1e3qxIQsE6NoPc5/eTdrbbIC4h0LVsWhnoa3g+m2HclBIujHzsxZ4VJVA+GUuc2/LBw=="],

    "@jscad/amf-serializer/onml": ["onml@1.3.0", "", { "dependencies": { "sax": "^1.2.1" } }, "sha512-RhGUsC6Im2A5vAdIvxE3auRKTqrqUZQl/AYLn8+9lM3SO4da5bwhcI5TcM+hfQxNCSLLOVErsl9p0ZPjKKmz+g=="],

    "@jscad/svg-serializer/onml": ["onml@1.3.0", "", { "dependencies": { "sax": "^1.2.1" } }, "sha512-RhGUsC6Im2A5vAdIvxE3auRKTqrqUZQl/AYLn8+9lM3SO4da5bwhcI5TcM+hfQxNCSLLOVErsl9p0ZPjKKmz+g=="],

    "@jscad/x3d-serializer/onml": ["onml@1.3.0", "", { "dependencies": { "sax": "^1.2.1" } }, "sha512-RhGUsC6Im2A5vAdIvxE3auRKTqrqUZQl/AYLn8+9lM3SO4da5bwhcI5TcM+hfQxNCSLLOVErsl9p0ZPjKKmz+g=="],
  }
}
